
Microsoft Visual Studio Solution File, Format Version 12.00
# Visual Studio Version 17
VisualStudioVersion = 17.4.33205.214
MinimumVisualStudioVersion = 10.0.40219.1
Project("{9A19103F-16F7-4668-BE54-9A1E7A4F7556}") = "EZMusic.WebAPI", "EZMusic.WebAPI\EZMusic.WebAPI.csproj", "{5578814B-6099-4CA7-99B3-A335B514D1FB}"
EndProject
Project("{2150E333-8FDC-42A3-9474-1A3956D46DE8}") = "Application.Hosts", "Application.Hosts", "{2A4E4D80-C0E6-4E80-90AC-E5F2AA734891}"
EndProject
Project("{2150E333-8FDC-42A3-9474-1A3956D46DE8}") = "Application.Domains", "Application.Domains", "{7B97CE25-0046-4F9B-9F7D-13EE7B046EAD}"
EndProject
Project("{2150E333-8FDC-42A3-9474-1A3956D46DE8}") = "Application.Infrastructures", "Application.Infrastructures", "{958F8AC8-30DD-45C8-8FA1-0C82DED06C1E}"
EndProject
Project("{FAE04EC0-301F-11D3-BF4B-00C04F79EFBC}") = "Application.Core", "Application.Core\Application.Core.csproj", "{0889CB70-7C69-484D-91F3-24C8AC1B4514}"
EndProject
Project("{2150E333-8FDC-42A3-9474-1A3956D46DE8}") = "Application", "Application", "{CDDC33C9-87A8-4CD8-BFE4-33F8EFC3AF63}"
EndProject
Project("{2150E333-8FDC-42A3-9474-1A3956D46DE8}") = "Data", "Data", "{0ED5C9F7-BF3D-42A8-9E59-0EBC1E1EBEC2}"
EndProject
Project("{2150E333-8FDC-42A3-9474-1A3956D46DE8}") = "Config", "Config", "{BA47E000-0955-45F4-A226-5FCFFCD62D24}"
EndProject
Project("{2150E333-8FDC-42A3-9474-1A3956D46DE8}") = "Repositories", "Repositories", "{B01D4062-86EE-420C-9486-3765A9C54284}"
EndProject
Project("{2150E333-8FDC-42A3-9474-1A3956D46DE8}") = "Migrations", "Migrations", "{1064041F-4680-4123-9050-847B3DDC4555}"
EndProject
Project("{FAE04EC0-301F-11D3-BF4B-00C04F79EFBC}") = "Application.Services", "Application.Services\Application.Services.csproj", "{6085777B-BEBC-457C-B171-FC9BAA4EF0D5}"
EndProject
Project("{2150E333-8FDC-42A3-9474-1A3956D46DE8}") = "Exceptions", "Exceptions", "{A38F09D7-0FBA-4928-8337-3F856EBC44FB}"
EndProject
Project("{2150E333-8FDC-42A3-9474-1A3956D46DE8}") = "Logger", "Logger", "{845CFEAB-75B1-4F52-BBC4-FFC4B65CDCCF}"
EndProject
Project("{2150E333-8FDC-42A3-9474-1A3956D46DE8}") = "Tests", "Tests", "{8D5D1135-3A6C-4A5A-A736-A87C13F47B6D}"
EndProject
Project("{FAE04EC0-301F-11D3-BF4B-00C04F79EFBC}") = "Application.NUnitTest", "Application.NUnitTest\Application.NUnitTest.csproj", "{4AE46196-934B-4C45-80EA-E04362FB858E}"
EndProject
Global
	GlobalSection(SolutionConfigurationPlatforms) = preSolution
		Debug|Any CPU = Debug|Any CPU
		Release|Any CPU = Release|Any CPU
	EndGlobalSection
	GlobalSection(ProjectConfigurationPlatforms) = postSolution
		{5578814B-6099-4CA7-99B3-A335B514D1FB}.Debug|Any CPU.ActiveCfg = Debug|Any CPU
		{5578814B-6099-4CA7-99B3-A335B514D1FB}.Debug|Any CPU.Build.0 = Debug|Any CPU
		{5578814B-6099-4CA7-99B3-A335B514D1FB}.Release|Any CPU.ActiveCfg = Release|Any CPU
		{5578814B-6099-4CA7-99B3-A335B514D1FB}.Release|Any CPU.Build.0 = Release|Any CPU
		{0889CB70-7C69-484D-91F3-24C8AC1B4514}.Debug|Any CPU.ActiveCfg = Debug|Any CPU
		{0889CB70-7C69-484D-91F3-24C8AC1B4514}.Debug|Any CPU.Build.0 = Debug|Any CPU
		{0889CB70-7C69-484D-91F3-24C8AC1B4514}.Release|Any CPU.ActiveCfg = Release|Any CPU
		{0889CB70-7C69-484D-91F3-24C8AC1B4514}.Release|Any CPU.Build.0 = Release|Any CPU
		{6085777B-BEBC-457C-B171-FC9BAA4EF0D5}.Debug|Any CPU.ActiveCfg = Debug|Any CPU
		{6085777B-BEBC-457C-B171-FC9BAA4EF0D5}.Debug|Any CPU.Build.0 = Debug|Any CPU
		{6085777B-BEBC-457C-B171-FC9BAA4EF0D5}.Release|Any CPU.ActiveCfg = Release|Any CPU
		{6085777B-BEBC-457C-B171-FC9BAA4EF0D5}.Release|Any CPU.Build.0 = Release|Any CPU
		{4AE46196-934B-4C45-80EA-E04362FB858E}.Debug|Any CPU.ActiveCfg = Debug|Any CPU
		{4AE46196-934B-4C45-80EA-E04362FB858E}.Debug|Any CPU.Build.0 = Debug|Any CPU
		{4AE46196-934B-4C45-80EA-E04362FB858E}.Release|Any CPU.ActiveCfg = Release|Any CPU
		{4AE46196-934B-4C45-80EA-E04362FB858E}.Release|Any CPU.Build.0 = Release|Any CPU
	EndGlobalSection
	GlobalSection(SolutionProperties) = preSolution
		HideSolutionNode = FALSE
	EndGlobalSection
	GlobalSection(NestedProjects) = preSolution
		{5578814B-6099-4CA7-99B3-A335B514D1FB} = {2A4E4D80-C0E6-4E80-90AC-E5F2AA734891}
		{0889CB70-7C69-484D-91F3-24C8AC1B4514} = {7B97CE25-0046-4F9B-9F7D-13EE7B046EAD}
		{0ED5C9F7-BF3D-42A8-9E59-0EBC1E1EBEC2} = {958F8AC8-30DD-45C8-8FA1-0C82DED06C1E}
		{BA47E000-0955-45F4-A226-5FCFFCD62D24} = {958F8AC8-30DD-45C8-8FA1-0C82DED06C1E}
		{B01D4062-86EE-420C-9486-3765A9C54284} = {958F8AC8-30DD-45C8-8FA1-0C82DED06C1E}
		{1064041F-4680-4123-9050-847B3DDC4555} = {958F8AC8-30DD-45C8-8FA1-0C82DED06C1E}
		{6085777B-BEBC-457C-B171-FC9BAA4EF0D5} = {CDDC33C9-87A8-4CD8-BFE4-33F8EFC3AF63}
		{A38F09D7-0FBA-4928-8337-3F856EBC44FB} = {958F8AC8-30DD-45C8-8FA1-0C82DED06C1E}
		{845CFEAB-75B1-4F52-BBC4-FFC4B65CDCCF} = {958F8AC8-30DD-45C8-8FA1-0C82DED06C1E}
		{4AE46196-934B-4C45-80EA-E04362FB858E} = {8D5D1135-3A6C-4A5A-A736-A87C13F47B6D}
	EndGlobalSection
	GlobalSection(ExtensibilityGlobals) = postSolution
		SolutionGuid = {1C79844C-8546-49B4-80FB-7B2953B6D4F1}
	EndGlobalSection
EndGlobal
